
Microsoft Visual Studio Solution File, Format Version 12.00
# Visual Studio Version 17
VisualStudioVersion = 17.5.002.0
MinimumVisualStudioVersion = 10.0.40219.1
Project("{9A19103F-16F7-4668-BE54-9A1E7A4F7556}") = "MVC", "MVC.csproj", "{539250E6-78FD-4AD1-AA85-EAB5E7AF1899}"
EndProject
Global
	GlobalSection(SolutionConfigurationPlatforms) = preSolution
		Debug|Any CPU = Debug|Any CPU
		Release|Any CPU = Release|Any CPU
	EndGlobalSection
	GlobalSection(ProjectConfigurationPlatforms) = postSolution
		{539250E6-78FD-4AD1-AA85-EAB5E7AF1899}.Debug|Any CPU.ActiveCfg = Debug|Any CPU
		{539250E6-78FD-4AD1-AA85-EAB5E7AF1899}.Debug|Any CPU.Build.0 = Debug|Any CPU
		{539250E6-78FD-4AD1-AA85-EAB5E7AF1899}.Release|Any CPU.ActiveCfg = Release|Any CPU
		{539250E6-78FD-4AD1-AA85-EAB5E7AF1899}.Release|Any CPU.Build.0 = Release|Any CPU
	EndGlobalSection
	GlobalSection(SolutionProperties) = preSolution
		HideSolutionNode = FALSE
	EndGlobalSection
	GlobalSection(ExtensibilityGlobals) = postSolution
		SolutionGuid = {AD225DAF-518D-4E66-97B6-1F336614DAC7}
	EndGlobalSection
EndGlobal
